
Microsoft Visual Studio Solution File, Format Version 11.00
# Visual Studio 2010
Project("{FAE04EC0-301F-11D3-BF4B-00C04F79EFBC}") = "Assembly-CSharp-firstpass", "Assembly-CSharp-firstpass.csproj", "{85ec0da3-b2a1-d5db-d623-f7afe6234d22}"
EndProject
Project("{FAE04EC0-301F-11D3-BF4B-00C04F79EFBC}") = "LeapMotion", "LeapMotion.csproj", "{7a507098-1b2d-79b4-81ed-8a742b28fb8e}"
EndProject
Project("{FAE04EC0-301F-11D3-BF4B-00C04F79EFBC}") = "LeapMotion.LeapCSharp", "LeapMotion.LeapCSharp.csproj", "{fb07cc47-65ca-b0ab-f86f-adddfd4cf2f5}"
EndProject
Project("{FAE04EC0-301F-11D3-BF4B-00C04F79EFBC}") = "Assembly-CSharp", "Assembly-CSharp.csproj", "{8f229196-5766-076d-d1e9-c977a0e0201f}"
EndProject
Project("{FAE04EC0-301F-11D3-BF4B-00C04F79EFBC}") = "Assembly-CSharp-Editor-firstpass", "Assembly-CSharp-Editor-firstpass.csproj", "{2fefffa2-5700-7bcb-7725-afc0d9ab365d}"
EndProject
Global
	GlobalSection(SolutionConfigurationPlatforms) = preSolution
		Debug|Any CPU = Debug|Any CPU
	EndGlobalSection
	GlobalSection(ProjectConfigurationPlatforms) = postSolution
		{85ec0da3-b2a1-d5db-d623-f7afe6234d22}.Debug|Any CPU.ActiveCfg = Debug|Any CPU
		{85ec0da3-b2a1-d5db-d623-f7afe6234d22}.Debug|Any CPU.Build.0 = Debug|Any CPU
		{7a507098-1b2d-79b4-81ed-8a742b28fb8e}.Debug|Any CPU.ActiveCfg = Debug|Any CPU
		{7a507098-1b2d-79b4-81ed-8a742b28fb8e}.Debug|Any CPU.Build.0 = Debug|Any CPU
		{fb07cc47-65ca-b0ab-f86f-adddfd4cf2f5}.Debug|Any CPU.ActiveCfg = Debug|Any CPU
		{fb07cc47-65ca-b0ab-f86f-adddfd4cf2f5}.Debug|Any CPU.Build.0 = Debug|Any CPU
		{8f229196-5766-076d-d1e9-c977a0e0201f}.Debug|Any CPU.ActiveCfg = Debug|Any CPU
		{8f229196-5766-076d-d1e9-c977a0e0201f}.Debug|Any CPU.Build.0 = Debug|Any CPU
		{2fefffa2-5700-7bcb-7725-afc0d9ab365d}.Debug|Any CPU.ActiveCfg = Debug|Any CPU
		{2fefffa2-5700-7bcb-7725-afc0d9ab365d}.Debug|Any CPU.Build.0 = Debug|Any CPU
	EndGlobalSection
	GlobalSection(SolutionProperties) = preSolution
		HideSolutionNode = FALSE
	EndGlobalSection
EndGlobal
